{
  "name": "discord-verify",
  "version": "1.0.7",
  "lockfileVersion": 1,
  "requires": true,
  "dependencies": {
    "@types/node": {
      "version": "13.1.1",
      "resolved": "https://registry.npmjs.org/@types/node/-/node-13.1.1.tgz",
      "integrity": "sha512-hx6zWtudh3Arsbl3cXay+JnkvVgCKzCWKv42C9J01N2T2np4h8w5X8u6Tpz5mj38kE3M9FM0Pazx8vKFFMnjLQ==",
      "dev": true
    },
    "@types/node-fetch": {
      "version": "2.5.4",
      "resolved": "https://registry.npmjs.org/@types/node-fetch/-/node-fetch-2.5.4.tgz",
      "integrity": "sha512-Oz6id++2qAOFuOlE1j0ouk1dzl3mmI1+qINPNBhi9nt/gVOz0G+13Ao6qjhdF0Ys+eOkhu6JnFmt38bR3H0POQ==",
      "dev": true,
      "requires": {
        "@types/node": "*"
      }
    },
    "@types/prompts": {
      "version": "2.0.3",
      "resolved": "https://registry.npmjs.org/@types/prompts/-/prompts-2.0.3.tgz",
      "integrity": "sha512-5+r923liPATAzRQhLTGfrRuel9vv7Mk1DZ/CJkgRrLctmM9QeOIbuVolA7wAACaw+m0Ysug85CjPbkb5ZgE1Ag=="
    },
    "@types/user-agents": {
      "version": "1.0.0",
      "resolved": "https://registry.npmjs.org/@types/user-agents/-/user-agents-1.0.0.tgz",
      "integrity": "sha512-oOSdQ9CULdFN2SJ9NNHvPrkP9aJ6oAz7BiiAeMC4vca+AzFqktlGdetMjlbCA0J3AemMn7ToU3U74VgrMecHtA=="
    },
    "docopt": {
      "version": "0.6.2",
      "resolved": "https://registry.npmjs.org/docopt/-/docopt-0.6.2.tgz",
      "integrity": "sha1-so6eIiDaXsSffqW7JKR3h0Be6xE="
    },
    "dot-json": {
      "version": "1.1.0",
      "resolved": "https://registry.npmjs.org/dot-json/-/dot-json-1.1.0.tgz",
      "integrity": "sha512-PiQZW9/C8xILPYK2bOye/cbPZrakNEkt28jFb8RlPCwsoMAHYYw9T8JoACxgttHL9Y2AmdqVvibbZJHtLgeqTQ==",
      "requires": {
        "docopt": "~0.6.2",
        "underscore-keypath": "~0.0.22"
      }
    },
    "kleur": {
      "version": "3.0.3",
      "resolved": "https://registry.npmjs.org/kleur/-/kleur-3.0.3.tgz",
      "integrity": "sha512-eTIzlVOSUR+JxdDFepEYcBMtZ9Qqdef+rnzWdRZuMbOywu5tO2w2N7rqjoANZ5k9vywhL6Br1VRjUIgTQx4E8w=="
    },
    "lodash.clonedeep": {
      "version": "4.5.0",
      "resolved": "https://registry.npmjs.org/lodash.clonedeep/-/lodash.clonedeep-4.5.0.tgz",
      "integrity": "sha1-4j8/nE+Pvd6HJSnBBxhXoIblzO8="
    },
    "node-fetch": {
      "version": "2.6.0",
      "resolved": "https://registry.npmjs.org/node-fetch/-/node-fetch-2.6.0.tgz",
      "integrity": "sha512-8dG4H5ujfvFiqDmVu9fQ5bOHUC15JMjMY/Zumv26oOvvVJjM67KF8koCWIabKQ1GJIa9r2mMZscBq/TbdOcmNA==",
      "dev": true
    },
    "prompts": {
      "version": "2.3.0",
      "resolved": "https://registry.npmjs.org/prompts/-/prompts-2.3.0.tgz",
      "integrity": "sha512-NfbbPPg/74fT7wk2XYQ7hAIp9zJyZp5Fu19iRbORqqy1BhtrkZ0fPafBU+7bmn8ie69DpT0R6QpJIN2oisYjJg==",
      "requires": {
        "kleur": "^3.0.3",
        "sisteransi": "^1.0.3"
      }
    },
    "sisteransi": {
      "version": "1.0.4",
      "resolved": "https://registry.npmjs.org/sisteransi/-/sisteransi-1.0.4.tgz",
      "integrity": "sha512-/ekMoM4NJ59ivGSfKapeG+FWtrmWvA1p6FBZwXrqojw90vJu8lBmrTxCMuBCydKtkaUe2zt4PlxeTKpjwMbyig=="
    },
    "typescript": {
      "version": "3.7.4",
      "resolved": "https://registry.npmjs.org/typescript/-/typescript-3.7.4.tgz",
      "integrity": "sha512-A25xv5XCtarLwXpcDNZzCGvW2D1S3/bACratYBx2sax8PefsFhlYmkQicKHvpYflFS8if4zne5zT5kpJ7pzuvw==",
      "dev": true
    },
    "underscore": {
      "version": "1.9.2",
      "resolved": "https://registry.npmjs.org/underscore/-/underscore-1.9.2.tgz",
      "integrity": "sha512-D39qtimx0c1fI3ya1Lnhk3E9nONswSKhnffBI0gME9C99fYOkNi04xs8K6pePLhvl1frbDemkaBQ5ikWllR2HQ=="
    },
    "underscore-keypath": {
      "version": "0.0.22",
      "resolved": "https://registry.npmjs.org/underscore-keypath/-/underscore-keypath-0.0.22.tgz",
      "integrity": "sha1-SKUoOSu278QkvhyqVtpLX6zPJk0=",
      "requires": {
        "underscore": "*"
      }
    },
    "user-agents": {
      "version": "1.0.494",
      "resolved": "https://registry.npmjs.org/user-agents/-/user-agents-1.0.494.tgz",
      "integrity": "sha512-57q1NHpeibbA1IODpI7j/ROKPNo6iATuafJhyISWgWwYplP35FDtLIbTpsm9vxQHz57+gV1GjUx4L0hoa70Z1Q==",
      "requires": {
        "dot-json": "^1.1.0",
        "lodash.clonedeep": "^4.5.0"
      }
    }
  }
}
